
Microsoft Visual Studio Solution File, Format Version 12.00
# Visual Studio 15
VisualStudioVersion = 15.0.28307.572
MinimumVisualStudioVersion = 10.0.40219.1
Project("{FAE04EC0-301F-11D3-BF4B-00C04F79EFBC}") = "SigortamNetProject", "SigortamNetProject\SigortamNetProject.csproj", "{1B53AB4B-A524-4DAA-A3F4-706E5DA5A362}"
EndProject
Project("{FAE04EC0-301F-11D3-BF4B-00C04F79EFBC}") = "OfferApi", "OfferApi\OfferApi.csproj", "{D445932C-632E-4A9B-BDE2-86A3EA239572}"
EndProject
Global
	GlobalSection(SolutionConfigurationPlatforms) = preSolution
		Debug|Any CPU = Debug|Any CPU
		Release|Any CPU = Release|Any CPU
	EndGlobalSection
	GlobalSection(ProjectConfigurationPlatforms) = postSolution
		{1B53AB4B-A524-4DAA-A3F4-706E5DA5A362}.Debug|Any CPU.ActiveCfg = Debug|Any CPU
		{1B53AB4B-A524-4DAA-A3F4-706E5DA5A362}.Debug|Any CPU.Build.0 = Debug|Any CPU
		{1B53AB4B-A524-4DAA-A3F4-706E5DA5A362}.Release|Any CPU.ActiveCfg = Release|Any CPU
		{1B53AB4B-A524-4DAA-A3F4-706E5DA5A362}.Release|Any CPU.Build.0 = Release|Any CPU
		{D445932C-632E-4A9B-BDE2-86A3EA239572}.Debug|Any CPU.ActiveCfg = Debug|Any CPU
		{D445932C-632E-4A9B-BDE2-86A3EA239572}.Debug|Any CPU.Build.0 = Debug|Any CPU
		{D445932C-632E-4A9B-BDE2-86A3EA239572}.Release|Any CPU.ActiveCfg = Release|Any CPU
		{D445932C-632E-4A9B-BDE2-86A3EA239572}.Release|Any CPU.Build.0 = Release|Any CPU
	EndGlobalSection
	GlobalSection(SolutionProperties) = preSolution
		HideSolutionNode = FALSE
	EndGlobalSection
	GlobalSection(ExtensibilityGlobals) = postSolution
		SolutionGuid = {4AAB85AB-548F-4885-BA96-9891959D9E58}
	EndGlobalSection
EndGlobal
